{
    "version": 3,
    "terraform_version": "0.11.7",
    "serial": 7,
    "lineage": "a3c621f5-ac52-44e6-8929-fc138fa57038",
    "modules": [
        {
            "path": [
                "root"
            ],
            "outputs": {},
            "resources": {
                "aws_dynamodb_table.job-table": {
                    "type": "aws_dynamodb_table",
                    "depends_on": [],
                    "primary": {
                        "id": "job-table",
                        "attributes": {
                            "arn": "arn:aws:dynamodb:eu-west-1:296929104043:table/job-table",
                            "attribute.#": "2",
                            "attribute.1003304838.name": "JobID",
                            "attribute.1003304838.type": "S",
                            "attribute.2040056872.name": "active",
                            "attribute.2040056872.type": "S",
                            "global_secondary_index.#": "1",
                            "global_secondary_index.1191541346.hash_key": "active",
                            "global_secondary_index.1191541346.name": "ActiveIndex",
                            "global_secondary_index.1191541346.non_key_attributes.#": "1",
                            "global_secondary_index.1191541346.non_key_attributes.0": "JobID",
                            "global_secondary_index.1191541346.projection_type": "INCLUDE",
                            "global_secondary_index.1191541346.range_key": "JobID",
                            "global_secondary_index.1191541346.read_capacity": "8",
                            "global_secondary_index.1191541346.write_capacity": "8",
                            "hash_key": "JobID",
                            "id": "job-table",
                            "local_secondary_index.#": "0",
                            "name": "job-table",
                            "point_in_time_recovery.#": "1",
                            "point_in_time_recovery.0.enabled": "false",
                            "range_key": "active",
                            "read_capacity": "8",
                            "server_side_encryption.#": "0",
                            "stream_arn": "",
                            "stream_enabled": "false",
                            "stream_label": "",
                            "stream_view_type": "",
                            "tags.%": "2",
                            "tags.Environment": "Development",
                            "tags.Name": "job-table",
                            "ttl.#": "0",
                            "write_capacity": "8"
                        },
                        "meta": {
                            "e2bfb730-ecaa-11e6-8f88-34363bc7c4c0": {
                                "create": 600000000000,
                                "delete": 600000000000,
                                "update": 600000000000
                            },
                            "schema_version": "1"
                        },
                        "tainted": false
                    },
                    "deposed": [],
                    "provider": "provider.aws"
                }
            },
            "depends_on": []
        },
        {
            "path": [
                "root",
                "APIGateway"
            ],
            "outputs": {
                "rest-api-name": {
                    "sensitive": false,
                    "type": "string",
                    "value": "JobBot API Gateway"
                },
                "rest_api_id": {
                    "sensitive": false,
                    "type": "string",
                    "value": "b1mlbdydzk"
                },
                "root_resource_id": {
                    "sensitive": false,
                    "type": "string",
                    "value": "00l6hbswsf"
                }
            },
            "resources": {
                "aws_api_gateway_method.proxy": {
                    "type": "aws_api_gateway_method",
                    "depends_on": [
                        "aws_api_gateway_resource.proxy",
                        "aws_api_gateway_rest_api.jobAPI"
                    ],
                    "primary": {
                        "id": "agm-b1mlbdydzk-xiu4kh-ANY",
                        "attributes": {
                            "api_key_required": "false",
                            "authorization": "NONE",
                            "authorization_scopes.#": "0",
                            "authorizer_id": "",
                            "http_method": "ANY",
                            "id": "agm-b1mlbdydzk-xiu4kh-ANY",
                            "request_models.%": "0",
                            "request_parameters.%": "0",
                            "request_validator_id": "",
                            "resource_id": "xiu4kh",
                            "rest_api_id": "b1mlbdydzk"
                        },
                        "meta": {},
                        "tainted": false
                    },
                    "deposed": [],
                    "provider": "provider.aws"
                },
                "aws_api_gateway_resource.proxy": {
                    "type": "aws_api_gateway_resource",
                    "depends_on": [
                        "aws_api_gateway_rest_api.jobAPI"
                    ],
                    "primary": {
                        "id": "xiu4kh",
                        "attributes": {
                            "id": "xiu4kh",
                            "parent_id": "00l6hbswsf",
                            "path": "/{proxy+}",
                            "path_part": "{proxy+}",
                            "rest_api_id": "b1mlbdydzk"
                        },
                        "meta": {},
                        "tainted": false
                    },
                    "deposed": [],
                    "provider": "provider.aws"
                },
                "aws_api_gateway_rest_api.jobAPI": {
                    "type": "aws_api_gateway_rest_api",
                    "depends_on": [],
                    "primary": {
                        "id": "b1mlbdydzk",
                        "attributes": {
                            "api_key_source": "HEADER",
                            "binary_media_types.#": "0",
                            "created_date": "2018-10-24T13:24:13Z",
                            "description": "Gateway for serverless actions",
                            "endpoint_configuration.#": "1",
                            "endpoint_configuration.0.types.#": "1",
                            "endpoint_configuration.0.types.0": "EDGE",
                            "execution_arn": "arn:aws:execute-api:eu-west-1:296929104043:b1mlbdydzk",
                            "id": "b1mlbdydzk",
                            "minimum_compression_size": "-1",
                            "name": "JobBot API Gateway",
                            "policy": "",
                            "root_resource_id": "00l6hbswsf"
                        },
                        "meta": {},
                        "tainted": false
                    },
                    "deposed": [],
                    "provider": "provider.aws"
                }
            },
            "depends_on": []
        },
        {
            "path": [
                "root",
                "lambda1"
            ],
            "outputs": {},
            "resources": {
                "aws_api_gateway_integration.lambda-gateway-integration": {
                    "type": "aws_api_gateway_integration",
                    "depends_on": [
                        "aws_api_gateway_method.lambda-gateway-method",
                        "aws_api_gateway_resource.lambda-gateway-resource"
                    ],
                    "primary": {
                        "id": "agi-b1mlbdydzk-9rvb76-POST",
                        "attributes": {
                            "cache_key_parameters.#": "0",
                            "cache_namespace": "9rvb76",
                            "connection_id": "",
                            "connection_type": "INTERNET",
                            "content_handling": "",
                            "credentials": "",
                            "http_method": "POST",
                            "id": "agi-b1mlbdydzk-9rvb76-POST",
                            "integration_http_method": "POST",
                            "passthrough_behavior": "WHEN_NO_MATCH",
                            "request_parameters.%": "0",
                            "request_templates.%": "0",
                            "resource_id": "9rvb76",
                            "rest_api_id": "b1mlbdydzk",
                            "timeout_milliseconds": "29000",
                            "type": "AWS_PROXY",
                            "uri": "arn:aws:apigateway:eu-west-1:lambda:path/2015-03-31/functions/arn:aws:lambda:eu-west-1:296929104043:function:GetActiveJobs.GetActiveJobs.GetActiveJobs/invocations"
                        },
                        "meta": {},
                        "tainted": false
                    },
                    "deposed": [],
                    "provider": "provider.aws"
                },
                "aws_api_gateway_method.lambda-gateway-method": {
                    "type": "aws_api_gateway_method",
                    "depends_on": [
                        "aws_api_gateway_resource.lambda-gateway-resource"
                    ],
                    "primary": {
                        "id": "agm-b1mlbdydzk-9rvb76-POST",
                        "attributes": {
                            "api_key_required": "false",
                            "authorization": "NONE",
                            "authorization_scopes.#": "0",
                            "authorizer_id": "",
                            "http_method": "POST",
                            "id": "agm-b1mlbdydzk-9rvb76-POST",
                            "request_models.%": "0",
                            "request_parameters.%": "0",
                            "request_validator_id": "",
                            "resource_id": "9rvb76",
                            "rest_api_id": "b1mlbdydzk"
                        },
                        "meta": {},
                        "tainted": false
                    },
                    "deposed": [],
                    "provider": "provider.aws"
                },
                "aws_api_gateway_resource.lambda-gateway-resource": {
                    "type": "aws_api_gateway_resource",
                    "depends_on": [],
                    "primary": {
                        "id": "9rvb76",
                        "attributes": {
                            "id": "9rvb76",
                            "parent_id": "00l6hbswsf",
                            "path": "/GetActiveJobs",
                            "path_part": "GetActiveJobs",
                            "rest_api_id": "b1mlbdydzk"
                        },
                        "meta": {},
                        "tainted": false
                    },
                    "deposed": [],
                    "provider": "provider.aws"
                },
                "aws_iam_role.lambda-policy": {
                    "type": "aws_iam_role",
                    "depends_on": [],
                    "primary": {
                        "id": "GetActiveJobs-policy",
                        "attributes": {
                            "arn": "arn:aws:iam::296929104043:role/GetActiveJobs-policy",
                            "assume_role_policy": "{\"Version\":\"2012-10-17\",\"Statement\":[{\"Sid\":\"\",\"Effect\":\"Allow\",\"Principal\":{\"Service\":[\"dynamodb.amazonaws.com\",\"lambda.amazonaws.com\",\"apigateway.amazonaws.com\"]},\"Action\":\"sts:AssumeRole\"}]}",
                            "create_date": "2018-10-24T13:43:19Z",
                            "description": "",
                            "force_detach_policies": "false",
                            "id": "GetActiveJobs-policy",
                            "max_session_duration": "3600",
                            "name": "GetActiveJobs-policy",
                            "path": "/",
                            "unique_id": "AROAJIX4YNPWSPS6WWVIS"
                        },
                        "meta": {},
                        "tainted": false
                    },
                    "deposed": [],
                    "provider": "provider.aws"
                },
                "aws_lambda_function.lambda": {
                    "type": "aws_lambda_function",
                    "depends_on": [
                        "aws_iam_role.lambda-policy"
                    ],
                    "primary": {
                        "id": "GetActiveJobs",
                        "attributes": {
                            "arn": "arn:aws:lambda:eu-west-1:296929104043:function:GetActiveJobs",
                            "dead_letter_config.#": "0",
                            "description": "",
                            "environment.#": "0",
                            "filename": "lambda_function_payload.zip",
                            "function_name": "GetActiveJobs",
                            "handler": "GetActiveJobs.handler",
                            "id": "GetActiveJobs",
                            "invoke_arn": "arn:aws:apigateway:eu-west-1:lambda:path/2015-03-31/functions/arn:aws:lambda:eu-west-1:296929104043:function:GetActiveJobs/invocations",
                            "kms_key_arn": "",
                            "last_modified": "2018-10-24T13:54:33.725+0000",
                            "memory_size": "128",
                            "publish": "false",
                            "qualified_arn": "arn:aws:lambda:eu-west-1:296929104043:function:GetActiveJobs:$LATEST",
                            "reserved_concurrent_executions": "0",
                            "role": "arn:aws:iam::296929104043:role/GetActiveJobs-policy",
                            "runtime": "python3.6",
                            "source_code_hash": "gLuiFsFvxfC0y1I+tubU4Suv+LiEA8J0r8wLIlIpXa4=",
                            "source_code_size": "2715",
                            "tags.%": "0",
                            "timeout": "3",
                            "tracing_config.#": "1",
                            "tracing_config.0.mode": "PassThrough",
                            "version": "$LATEST",
                            "vpc_config.#": "0"
                        },
                        "meta": {},
                        "tainted": false
                    },
                    "deposed": [],
                    "provider": "provider.aws"
                },
                "aws_lambda_permission.lambda-permission": {
                    "type": "aws_lambda_permission",
                    "depends_on": [
                        "aws_api_gateway_resource.lambda-gateway-resource",
                        "aws_lambda_function.lambda"
                    ],
                    "primary": {
                        "id": "AllowExecutionFromApiGateway",
                        "attributes": {
                            "action": "lambda:InvokeFunction",
                            "function_name": "arn:aws:lambda:eu-west-1:296929104043:function:GetActiveJobs",
                            "id": "AllowExecutionFromApiGateway",
                            "principal": "apigateway.amazonaws.com",
                            "qualifier": "",
                            "source_arn": "arn:aws:execute-api:eu-west-1:296929104043:b1mlbdydzk/*/aws_api_gateway_method.GetActiveJobs.POST/GetActiveJobs",
                            "statement_id": "AllowExecutionFromApiGateway"
                        },
                        "meta": {},
                        "tainted": false
                    },
                    "deposed": [],
                    "provider": "provider.aws"
                }
            },
            "depends_on": []
        },
        {
            "path": [
                "root",
                "lambda2"
            ],
            "outputs": {},
            "resources": {
                "aws_api_gateway_integration.lambda-gateway-integration": {
                    "type": "aws_api_gateway_integration",
                    "depends_on": [
                        "aws_api_gateway_method.lambda-gateway-method",
                        "aws_api_gateway_resource.lambda-gateway-resource"
                    ],
                    "primary": {
                        "id": "agi-b1mlbdydzk-7v5e7v-POST",
                        "attributes": {
                            "cache_key_parameters.#": "0",
                            "cache_namespace": "7v5e7v",
                            "connection_id": "",
                            "connection_type": "INTERNET",
                            "content_handling": "",
                            "credentials": "",
                            "http_method": "POST",
                            "id": "agi-b1mlbdydzk-7v5e7v-POST",
                            "integration_http_method": "POST",
                            "passthrough_behavior": "WHEN_NO_MATCH",
                            "request_parameters.%": "0",
                            "request_templates.%": "0",
                            "resource_id": "7v5e7v",
                            "rest_api_id": "b1mlbdydzk",
                            "timeout_milliseconds": "29000",
                            "type": "AWS_PROXY",
                            "uri": "arn:aws:apigateway:eu-west-1:lambda:path/2015-03-31/functions/arn:aws:lambda:eu-west-1:296929104043:function:GetAllJobs.GetAllJobs.GetAllJobs/invocations"
                        },
                        "meta": {},
                        "tainted": false
                    },
                    "deposed": [],
                    "provider": "provider.aws"
                },
                "aws_api_gateway_method.lambda-gateway-method": {
                    "type": "aws_api_gateway_method",
                    "depends_on": [
                        "aws_api_gateway_resource.lambda-gateway-resource"
                    ],
                    "primary": {
                        "id": "agm-b1mlbdydzk-7v5e7v-POST",
                        "attributes": {
                            "api_key_required": "false",
                            "authorization": "NONE",
                            "authorization_scopes.#": "0",
                            "authorizer_id": "",
                            "http_method": "POST",
                            "id": "agm-b1mlbdydzk-7v5e7v-POST",
                            "request_models.%": "0",
                            "request_parameters.%": "0",
                            "request_validator_id": "",
                            "resource_id": "7v5e7v",
                            "rest_api_id": "b1mlbdydzk"
                        },
                        "meta": {},
                        "tainted": false
                    },
                    "deposed": [],
                    "provider": "provider.aws"
                },
                "aws_api_gateway_resource.lambda-gateway-resource": {
                    "type": "aws_api_gateway_resource",
                    "depends_on": [],
                    "primary": {
                        "id": "7v5e7v",
                        "attributes": {
                            "id": "7v5e7v",
                            "parent_id": "00l6hbswsf",
                            "path": "/GetAllJobs",
                            "path_part": "GetAllJobs",
                            "rest_api_id": "b1mlbdydzk"
                        },
                        "meta": {},
                        "tainted": false
                    },
                    "deposed": [],
                    "provider": "provider.aws"
                },
                "aws_iam_role.lambda-policy": {
                    "type": "aws_iam_role",
                    "depends_on": [],
                    "primary": {
                        "id": "GetAllJobs-policy",
                        "attributes": {
                            "arn": "arn:aws:iam::296929104043:role/GetAllJobs-policy",
                            "assume_role_policy": "{\"Version\":\"2012-10-17\",\"Statement\":[{\"Sid\":\"\",\"Effect\":\"Allow\",\"Principal\":{\"Service\":[\"apigateway.amazonaws.com\",\"lambda.amazonaws.com\",\"dynamodb.amazonaws.com\"]},\"Action\":\"sts:AssumeRole\"}]}",
                            "create_date": "2018-10-24T13:43:19Z",
                            "description": "",
                            "force_detach_policies": "false",
                            "id": "GetAllJobs-policy",
                            "max_session_duration": "3600",
                            "name": "GetAllJobs-policy",
                            "path": "/",
                            "unique_id": "AROAIQWQJCKYXKOPPLS3M"
                        },
                        "meta": {},
                        "tainted": false
                    },
                    "deposed": [],
                    "provider": "provider.aws"
                },
                "aws_lambda_function.lambda": {
                    "type": "aws_lambda_function",
                    "depends_on": [
                        "aws_iam_role.lambda-policy"
                    ],
                    "primary": {
                        "id": "GetAllJobs",
                        "attributes": {
                            "arn": "arn:aws:lambda:eu-west-1:296929104043:function:GetAllJobs",
                            "dead_letter_config.#": "0",
                            "description": "",
                            "environment.#": "0",
                            "filename": "lambda_function_payload.zip",
                            "function_name": "GetAllJobs",
                            "handler": "GetAllJobs.handler",
                            "id": "GetAllJobs",
                            "invoke_arn": "arn:aws:apigateway:eu-west-1:lambda:path/2015-03-31/functions/arn:aws:lambda:eu-west-1:296929104043:function:GetAllJobs/invocations",
                            "kms_key_arn": "",
                            "last_modified": "2018-10-24T13:54:14.450+0000",
                            "memory_size": "128",
                            "publish": "false",
                            "qualified_arn": "arn:aws:lambda:eu-west-1:296929104043:function:GetAllJobs:$LATEST",
                            "reserved_concurrent_executions": "0",
                            "role": "arn:aws:iam::296929104043:role/GetAllJobs-policy",
                            "runtime": "python3.6",
                            "source_code_hash": "gLuiFsFvxfC0y1I+tubU4Suv+LiEA8J0r8wLIlIpXa4=",
                            "source_code_size": "2715",
                            "tags.%": "0",
                            "timeout": "3",
                            "tracing_config.#": "1",
                            "tracing_config.0.mode": "PassThrough",
                            "version": "$LATEST",
                            "vpc_config.#": "0"
                        },
                        "meta": {},
                        "tainted": false
                    },
                    "deposed": [],
                    "provider": "provider.aws"
                },
                "aws_lambda_permission.lambda-permission": {
                    "type": "aws_lambda_permission",
                    "depends_on": [
                        "aws_api_gateway_resource.lambda-gateway-resource",
                        "aws_lambda_function.lambda"
                    ],
                    "primary": {
                        "id": "AllowExecutionFromApiGateway",
                        "attributes": {
                            "action": "lambda:InvokeFunction",
                            "function_name": "arn:aws:lambda:eu-west-1:296929104043:function:GetAllJobs",
                            "id": "AllowExecutionFromApiGateway",
                            "principal": "apigateway.amazonaws.com",
                            "qualifier": "",
                            "source_arn": "arn:aws:execute-api:eu-west-1:296929104043:b1mlbdydzk/*/aws_api_gateway_method.GetAllJobs.POST/GetAllJobs",
                            "statement_id": "AllowExecutionFromApiGateway"
                        },
                        "meta": {},
                        "tainted": false
                    },
                    "deposed": [],
                    "provider": "provider.aws"
                }
            },
            "depends_on": []
        },
        {
            "path": [
                "root",
                "lambda3"
            ],
            "outputs": {},
            "resources": {
                "aws_api_gateway_integration.lambda-gateway-integration": {
                    "type": "aws_api_gateway_integration",
                    "depends_on": [
                        "aws_api_gateway_method.lambda-gateway-method",
                        "aws_api_gateway_resource.lambda-gateway-resource"
                    ],
                    "primary": {
                        "id": "agi-b1mlbdydzk-pakoef-POST",
                        "attributes": {
                            "cache_key_parameters.#": "0",
                            "cache_namespace": "pakoef",
                            "connection_id": "",
                            "connection_type": "INTERNET",
                            "content_handling": "",
                            "credentials": "",
                            "http_method": "POST",
                            "id": "agi-b1mlbdydzk-pakoef-POST",
                            "integration_http_method": "POST",
                            "passthrough_behavior": "WHEN_NO_MATCH",
                            "request_parameters.%": "0",
                            "request_templates.%": "0",
                            "resource_id": "pakoef",
                            "rest_api_id": "b1mlbdydzk",
                            "timeout_milliseconds": "29000",
                            "type": "AWS_PROXY",
                            "uri": "arn:aws:apigateway:eu-west-1:lambda:path/2015-03-31/functions/arn:aws:lambda:eu-west-1:296929104043:function:PostNewJob.PostNewJob.PostNewJob/invocations"
                        },
                        "meta": {},
                        "tainted": false
                    },
                    "deposed": [],
                    "provider": "provider.aws"
                },
                "aws_api_gateway_method.lambda-gateway-method": {
                    "type": "aws_api_gateway_method",
                    "depends_on": [
                        "aws_api_gateway_resource.lambda-gateway-resource"
                    ],
                    "primary": {
                        "id": "agm-b1mlbdydzk-pakoef-POST",
                        "attributes": {
                            "api_key_required": "false",
                            "authorization": "NONE",
                            "authorization_scopes.#": "0",
                            "authorizer_id": "",
                            "http_method": "POST",
                            "id": "agm-b1mlbdydzk-pakoef-POST",
                            "request_models.%": "0",
                            "request_parameters.%": "0",
                            "request_validator_id": "",
                            "resource_id": "pakoef",
                            "rest_api_id": "b1mlbdydzk"
                        },
                        "meta": {},
                        "tainted": false
                    },
                    "deposed": [],
                    "provider": "provider.aws"
                },
                "aws_api_gateway_resource.lambda-gateway-resource": {
                    "type": "aws_api_gateway_resource",
                    "depends_on": [],
                    "primary": {
                        "id": "pakoef",
                        "attributes": {
                            "id": "pakoef",
                            "parent_id": "00l6hbswsf",
                            "path": "/PostNewJob",
                            "path_part": "PostNewJob",
                            "rest_api_id": "b1mlbdydzk"
                        },
                        "meta": {},
                        "tainted": false
                    },
                    "deposed": [],
                    "provider": "provider.aws"
                },
                "aws_iam_role.lambda-policy": {
                    "type": "aws_iam_role",
                    "depends_on": [],
                    "primary": {
                        "id": "PostNewJob-policy",
                        "attributes": {
                            "arn": "arn:aws:iam::296929104043:role/PostNewJob-policy",
                            "assume_role_policy": "{\"Version\":\"2012-10-17\",\"Statement\":[{\"Sid\":\"\",\"Effect\":\"Allow\",\"Principal\":{\"Service\":[\"dynamodb.amazonaws.com\",\"apigateway.amazonaws.com\",\"lambda.amazonaws.com\"]},\"Action\":\"sts:AssumeRole\"}]}",
                            "create_date": "2018-10-24T13:43:19Z",
                            "description": "",
                            "force_detach_policies": "false",
                            "id": "PostNewJob-policy",
                            "max_session_duration": "3600",
                            "name": "PostNewJob-policy",
                            "path": "/",
                            "unique_id": "AROAJUP7W65AXL37HZ4JK"
                        },
                        "meta": {},
                        "tainted": false
                    },
                    "deposed": [],
                    "provider": "provider.aws"
                },
                "aws_lambda_function.lambda": {
                    "type": "aws_lambda_function",
                    "depends_on": [
                        "aws_iam_role.lambda-policy"
                    ],
                    "primary": {
                        "id": "PostNewJob",
                        "attributes": {
                            "arn": "arn:aws:lambda:eu-west-1:296929104043:function:PostNewJob",
                            "dead_letter_config.#": "0",
                            "description": "",
                            "environment.#": "0",
                            "filename": "lambda_function_payload.zip",
                            "function_name": "PostNewJob",
                            "handler": "PostNewJob.handler",
                            "id": "PostNewJob",
                            "invoke_arn": "arn:aws:apigateway:eu-west-1:lambda:path/2015-03-31/functions/arn:aws:lambda:eu-west-1:296929104043:function:PostNewJob/invocations",
                            "kms_key_arn": "",
                            "last_modified": "2018-10-24T13:54:21.017+0000",
                            "memory_size": "128",
                            "publish": "false",
                            "qualified_arn": "arn:aws:lambda:eu-west-1:296929104043:function:PostNewJob:$LATEST",
                            "reserved_concurrent_executions": "0",
                            "role": "arn:aws:iam::296929104043:role/PostNewJob-policy",
                            "runtime": "python3.6",
                            "source_code_hash": "gLuiFsFvxfC0y1I+tubU4Suv+LiEA8J0r8wLIlIpXa4=",
                            "source_code_size": "2715",
                            "tags.%": "0",
                            "timeout": "3",
                            "tracing_config.#": "1",
                            "tracing_config.0.mode": "PassThrough",
                            "version": "$LATEST",
                            "vpc_config.#": "0"
                        },
                        "meta": {},
                        "tainted": false
                    },
                    "deposed": [],
                    "provider": "provider.aws"
                },
                "aws_lambda_permission.lambda-permission": {
                    "type": "aws_lambda_permission",
                    "depends_on": [
                        "aws_api_gateway_resource.lambda-gateway-resource",
                        "aws_lambda_function.lambda"
                    ],
                    "primary": {
                        "id": "AllowExecutionFromApiGateway",
                        "attributes": {
                            "action": "lambda:InvokeFunction",
                            "function_name": "arn:aws:lambda:eu-west-1:296929104043:function:PostNewJob",
                            "id": "AllowExecutionFromApiGateway",
                            "principal": "apigateway.amazonaws.com",
                            "qualifier": "",
                            "source_arn": "arn:aws:execute-api:eu-west-1:296929104043:b1mlbdydzk/*/aws_api_gateway_method.PostNewJob.POST/PostNewJob",
                            "statement_id": "AllowExecutionFromApiGateway"
                        },
                        "meta": {},
                        "tainted": false
                    },
                    "deposed": [],
                    "provider": "provider.aws"
                }
            },
            "depends_on": []
        },
        {
            "path": [
                "root",
                "lambda4"
            ],
            "outputs": {},
            "resources": {
                "aws_api_gateway_integration.lambda-gateway-integration": {
                    "type": "aws_api_gateway_integration",
                    "depends_on": [
                        "aws_api_gateway_method.lambda-gateway-method",
                        "aws_api_gateway_resource.lambda-gateway-resource"
                    ],
                    "primary": {
                        "id": "agi-b1mlbdydzk-k6c3wr-POST",
                        "attributes": {
                            "cache_key_parameters.#": "0",
                            "cache_namespace": "k6c3wr",
                            "connection_id": "",
                            "connection_type": "INTERNET",
                            "content_handling": "",
                            "credentials": "",
                            "http_method": "POST",
                            "id": "agi-b1mlbdydzk-k6c3wr-POST",
                            "integration_http_method": "POST",
                            "passthrough_behavior": "WHEN_NO_MATCH",
                            "request_parameters.%": "0",
                            "request_templates.%": "0",
                            "resource_id": "k6c3wr",
                            "rest_api_id": "b1mlbdydzk",
                            "timeout_milliseconds": "29000",
                            "type": "AWS_PROXY",
                            "uri": "arn:aws:apigateway:eu-west-1:lambda:path/2015-03-31/functions/arn:aws:lambda:eu-west-1:296929104043:function:UpdateJob.UpdateJob.UpdateJob/invocations"
                        },
                        "meta": {},
                        "tainted": false
                    },
                    "deposed": [],
                    "provider": "provider.aws"
                },
                "aws_api_gateway_method.lambda-gateway-method": {
                    "type": "aws_api_gateway_method",
                    "depends_on": [
                        "aws_api_gateway_resource.lambda-gateway-resource"
                    ],
                    "primary": {
                        "id": "agm-b1mlbdydzk-k6c3wr-POST",
                        "attributes": {
                            "api_key_required": "false",
                            "authorization": "NONE",
                            "authorization_scopes.#": "0",
                            "authorizer_id": "",
                            "http_method": "POST",
                            "id": "agm-b1mlbdydzk-k6c3wr-POST",
                            "request_models.%": "0",
                            "request_parameters.%": "0",
                            "request_validator_id": "",
                            "resource_id": "k6c3wr",
                            "rest_api_id": "b1mlbdydzk"
                        },
                        "meta": {},
                        "tainted": false
                    },
                    "deposed": [],
                    "provider": "provider.aws"
                },
                "aws_api_gateway_resource.lambda-gateway-resource": {
                    "type": "aws_api_gateway_resource",
                    "depends_on": [],
                    "primary": {
                        "id": "k6c3wr",
                        "attributes": {
                            "id": "k6c3wr",
                            "parent_id": "00l6hbswsf",
                            "path": "/UpdateJob",
                            "path_part": "UpdateJob",
                            "rest_api_id": "b1mlbdydzk"
                        },
                        "meta": {},
                        "tainted": false
                    },
                    "deposed": [],
                    "provider": "provider.aws"
                },
                "aws_iam_role.lambda-policy": {
                    "type": "aws_iam_role",
                    "depends_on": [],
                    "primary": {
                        "id": "UpdateJob-policy",
                        "attributes": {
                            "arn": "arn:aws:iam::296929104043:role/UpdateJob-policy",
                            "assume_role_policy": "{\"Version\":\"2012-10-17\",\"Statement\":[{\"Sid\":\"\",\"Effect\":\"Allow\",\"Principal\":{\"Service\":[\"dynamodb.amazonaws.com\",\"apigateway.amazonaws.com\",\"lambda.amazonaws.com\"]},\"Action\":\"sts:AssumeRole\"}]}",
                            "create_date": "2018-10-24T13:43:19Z",
                            "description": "",
                            "force_detach_policies": "false",
                            "id": "UpdateJob-policy",
                            "max_session_duration": "3600",
                            "name": "UpdateJob-policy",
                            "path": "/",
                            "unique_id": "AROAIZ62ZM6LKTMA65FXC"
                        },
                        "meta": {},
                        "tainted": false
                    },
                    "deposed": [],
                    "provider": "provider.aws"
                },
                "aws_lambda_function.lambda": {
                    "type": "aws_lambda_function",
                    "depends_on": [
                        "aws_iam_role.lambda-policy"
                    ],
                    "primary": {
                        "id": "UpdateJob",
                        "attributes": {
                            "arn": "arn:aws:lambda:eu-west-1:296929104043:function:UpdateJob",
                            "dead_letter_config.#": "0",
                            "description": "",
                            "environment.#": "0",
                            "filename": "lambda_function_payload.zip",
                            "function_name": "UpdateJob",
                            "handler": "UpdateJob.handler",
                            "id": "UpdateJob",
                            "invoke_arn": "arn:aws:apigateway:eu-west-1:lambda:path/2015-03-31/functions/arn:aws:lambda:eu-west-1:296929104043:function:UpdateJob/invocations",
                            "kms_key_arn": "",
                            "last_modified": "2018-10-24T13:54:28.127+0000",
                            "memory_size": "128",
                            "publish": "false",
                            "qualified_arn": "arn:aws:lambda:eu-west-1:296929104043:function:UpdateJob:$LATEST",
                            "reserved_concurrent_executions": "0",
                            "role": "arn:aws:iam::296929104043:role/UpdateJob-policy",
                            "runtime": "python3.6",
                            "source_code_hash": "gLuiFsFvxfC0y1I+tubU4Suv+LiEA8J0r8wLIlIpXa4=",
                            "source_code_size": "2715",
                            "tags.%": "0",
                            "timeout": "3",
                            "tracing_config.#": "1",
                            "tracing_config.0.mode": "PassThrough",
                            "version": "$LATEST",
                            "vpc_config.#": "0"
                        },
                        "meta": {},
                        "tainted": false
                    },
                    "deposed": [],
                    "provider": "provider.aws"
                },
                "aws_lambda_permission.lambda-permission": {
                    "type": "aws_lambda_permission",
                    "depends_on": [
                        "aws_api_gateway_resource.lambda-gateway-resource",
                        "aws_lambda_function.lambda"
                    ],
                    "primary": {
                        "id": "AllowExecutionFromApiGateway",
                        "attributes": {
                            "action": "lambda:InvokeFunction",
                            "function_name": "arn:aws:lambda:eu-west-1:296929104043:function:UpdateJob",
                            "id": "AllowExecutionFromApiGateway",
                            "principal": "apigateway.amazonaws.com",
                            "qualifier": "",
                            "source_arn": "arn:aws:execute-api:eu-west-1:296929104043:b1mlbdydzk/*/aws_api_gateway_method.UpdateJob.POST/UpdateJob",
                            "statement_id": "AllowExecutionFromApiGateway"
                        },
                        "meta": {},
                        "tainted": false
                    },
                    "deposed": [],
                    "provider": "provider.aws"
                }
            },
            "depends_on": []
        }
    ]
}
